
Microsoft Visual Studio Solution File, Format Version 12.00
# Visual Studio Version 16
VisualStudioVersion = 16.0.29613.14
MinimumVisualStudioVersion = 10.0.40219.1
Project("{FAE04EC0-301F-11D3-BF4B-00C04F79EFBC}") = "Safe360Browsergetpass", "Safe360Browsergetpass.csproj", "{79A3D93D-224A-44AF-B5C8-168C119E8ACF}"
EndProject
Global
	GlobalSection(SolutionConfigurationPlatforms) = preSolution
		Debug|Any CPU = Debug|Any CPU
		Release|Any CPU = Release|Any CPU
	EndGlobalSection
	GlobalSection(ProjectConfigurationPlatforms) = postSolution
		{79A3D93D-224A-44AF-B5C8-168C119E8ACF}.Debug|Any CPU.ActiveCfg = Debug|Any CPU
		{79A3D93D-224A-44AF-B5C8-168C119E8ACF}.Debug|Any CPU.Build.0 = Debug|Any CPU
		{79A3D93D-224A-44AF-B5C8-168C119E8ACF}.Release|Any CPU.ActiveCfg = Release|Any CPU
		{79A3D93D-224A-44AF-B5C8-168C119E8ACF}.Release|Any CPU.Build.0 = Release|Any CPU
	EndGlobalSection
	GlobalSection(SolutionProperties) = preSolution
		HideSolutionNode = FALSE
	EndGlobalSection
	GlobalSection(ExtensibilityGlobals) = postSolution
		SolutionGuid = {EEBBBD9A-8FE5-4FD6-868D-E4E798C42305}
	EndGlobalSection
EndGlobal
